
Microsoft Visual Studio Solution File, Format Version 12.00
# Visual Studio Version 17
VisualStudioVersion = 17.2.32630.192
MinimumVisualStudioVersion = 10.0.40219.1
Project("{FAE04EC0-301F-11D3-BF4B-00C04F79EFBC}") = "SmartElectronicsLib", "SmartElectronicsLib.csproj", "{7BB15E60-9ED1-4767-AF3C-89CC0CC18BCB}"
EndProject
Global
	GlobalSection(SolutionConfigurationPlatforms) = preSolution
		Debug|Any CPU = Debug|Any CPU
		Release|Any CPU = Release|Any CPU
	EndGlobalSection
	GlobalSection(ProjectConfigurationPlatforms) = postSolution
		{7BB15E60-9ED1-4767-AF3C-89CC0CC18BCB}.Debug|Any CPU.ActiveCfg = Debug|Any CPU
		{7BB15E60-9ED1-4767-AF3C-89CC0CC18BCB}.Debug|Any CPU.Build.0 = Debug|Any CPU
		{7BB15E60-9ED1-4767-AF3C-89CC0CC18BCB}.Release|Any CPU.ActiveCfg = Release|Any CPU
		{7BB15E60-9ED1-4767-AF3C-89CC0CC18BCB}.Release|Any CPU.Build.0 = Release|Any CPU
	EndGlobalSection
	GlobalSection(SolutionProperties) = preSolution
		HideSolutionNode = FALSE
	EndGlobalSection
	GlobalSection(ExtensibilityGlobals) = postSolution
		SolutionGuid = {EE217B6F-EC48-470B-A4D5-D164D50340B8}
	EndGlobalSection
EndGlobal
